# This file is automatically @generated by Poetry 1.8.3 and should not be changed by hand.

[[package]]
name = "anyio"
version = "4.6.2.post1"
description = "High level compatibility layer for multiple asynchronous event loop implementations"
optional = false
python-versions = ">=3.9"
files = [
    {file = "anyio-4.6.2.post1-py3-none-any.whl", hash = "sha256:6d170c36fba3bdd840c73d3868c1e777e33676a69c3a72cf0a0d5d6d8009b61d"},
    {file = "anyio-4.6.2.post1.tar.gz", hash = "sha256:4c8bc31ccdb51c7f7bd251f51c609e038d63e34219b44aa86e47576389880b4c"},
]

[package.dependencies]
exceptiongroup = {version = ">=1.0.2", markers = "python_version < \"3.11\""}
idna = ">=2.8"
sniffio = ">=1.1"
typing-extensions = {version = ">=4.1", markers = "python_version < \"3.11\""}

[package.extras]
doc = ["Sphinx (>=7.4,<8.0)", "packaging", "sphinx-autodoc-typehints (>=1.2.0)", "sphinx-rtd-theme"]
test = ["anyio[trio]", "coverage[toml] (>=7)", "exceptiongroup (>=1.2.0)", "hypothesis (>=4.0)", "psutil (>=5.9)", "pytest (>=7.0)", "pytest-mock (>=3.6.1)", "trustme", "truststore (>=0.9.1)", "uvloop (>=0.21.0b1)"]
trio = ["trio (>=0.26.1)"]

[[package]]
name = "certifi"
version = "2024.8.30"
description = "Python package for providing Mozilla's CA Bundle."
optional = false
python-versions = ">=3.6"
files = [
    {file = "certifi-2024.8.30-py3-none-any.whl", hash = "sha256:922820b53db7a7257ffbda3f597266d435245903d80737e34f8a45ff3e3230d8"},
    {file = "certifi-2024.8.30.tar.gz", hash = "sha256:bec941d2aa8195e248a60b31ff9f0558284cf01a52591ceda73ea9afffd69fd9"},
]

[[package]]
name = "exceptiongroup"
version = "1.2.2"
description = "Backport of PEP 654 (exception groups)"
optional = false
python-versions = ">=3.7"
files = [
    {file = "exceptiongroup-1.2.2-py3-none-any.whl", hash = "sha256:3111b9d131c238bec2f8f516e123e14ba243563fb135d3fe885990585aa7795b"},
    {file = "exceptiongroup-1.2.2.tar.gz", hash = "sha256:47c2edf7c6738fafb49fd34290706d1a1a2f4d1c6df275526b62cbb4aa5393cc"},
]

[package.extras]
test = ["pytest (>=6)"]

[[package]]
name = "h11"
version = "0.14.0"
description = "A pure-Python, bring-your-own-I/O implementation of HTTP/1.1"
optional = false
python-versions = ">=3.7"
files = [
    {file = "h11-0.14.0-py3-none-any.whl", hash = "sha256:e3fe4ac4b851c468cc8363d500db52c2ead036020723024a109d37346efaa761"},
    {file = "h11-0.14.0.tar.gz", hash = "sha256:8f19fbbe99e72420ff35c00b27a34cb9937e902a8b810e2c88300c6f0a3b699d"},
]

[[package]]
name = "httpcore"
version = "1.0.7"
description = "A minimal low-level HTTP client."
optional = false
python-versions = ">=3.8"
files = [
    {file = "httpcore-1.0.7-py3-none-any.whl", hash = "sha256:a3fff8f43dc260d5bd363d9f9cf1830fa3a458b332856f34282de498ed420edd"},
    {file = "httpcore-1.0.7.tar.gz", hash = "sha256:8551cb62a169ec7162ac7be8d4817d561f60e08eaa485234898414bb5a8a0b4c"},
]

[package.dependencies]
certifi = "*"
h11 = ">=0.13,<0.15"

[package.extras]
asyncio = ["anyio (>=4.0,<5.0)"]
http2 = ["h2 (>=3,<5)"]
socks = ["socksio (==1.*)"]
trio = ["trio (>=0.22.0,<1.0)"]

[[package]]
name = "httpx"
version = "0.28.0"
description = "The next generation HTTP client."
optional = false
python-versions = ">=3.8"
files = [
    {file = "httpx-0.28.0-py3-none-any.whl", hash = "sha256:dc0b419a0cfeb6e8b34e85167c0da2671206f5095f1baa9663d23bcfd6b535fc"},
    {file = "httpx-0.28.0.tar.gz", hash = "sha256:0858d3bab51ba7e386637f22a61d8ccddaeec5f3fe4209da3a6168dbb91573e0"},
]

[package.dependencies]
anyio = "*"
certifi = "*"
httpcore = "==1.*"
idna = "*"

[package.extras]
brotli = ["brotli", "brotlicffi"]
cli = ["click (==8.*)", "pygments (==2.*)", "rich (>=10,<14)"]
http2 = ["h2 (>=3,<5)"]
socks = ["socksio (==1.*)"]
zstd = ["zstandard (>=0.18.0)"]

[[package]]
name = "idna"
version = "3.10"
description = "Internationalized Domain Names in Applications (IDNA)"
optional = false
python-versions = ">=3.6"
files = [
    {file = "idna-3.10-py3-none-any.whl", hash = "sha256:946d195a0d259cbba61165e88e65941f16e9b36ea6ddb97f00452bae8b1287d3"},
    {file = "idna-3.10.tar.gz", hash = "sha256:12f65c9b470abda6dc35cf8e63cc574b1c52b11df2c86030af0ac09b01b13ea9"},
]

[package.extras]
all = ["flake8 (>=7.1.1)", "mypy (>=1.11.2)", "pytest (>=8.3.2)", "ruff (>=0.6.2)"]

[[package]]
name = "ruff"
version = "0.8.1"
description = "An extremely fast Python linter and code formatter, written in Rust."
optional = false
python-versions = ">=3.7"
files = [
    {file = "ruff-0.8.1-py3-none-linux_armv6l.whl", hash = "sha256:fae0805bd514066f20309f6742f6ee7904a773eb9e6c17c45d6b1600ca65c9b5"},
    {file = "ruff-0.8.1-py3-none-macosx_10_12_x86_64.whl", hash = "sha256:b8a4f7385c2285c30f34b200ca5511fcc865f17578383db154e098150ce0a087"},
    {file = "ruff-0.8.1-py3-none-macosx_11_0_arm64.whl", hash = "sha256:cd054486da0c53e41e0086e1730eb77d1f698154f910e0cd9e0d64274979a209"},
    {file = "ruff-0.8.1-py3-none-manylinux_2_17_aarch64.manylinux2014_aarch64.whl", hash = "sha256:2029b8c22da147c50ae577e621a5bfbc5d1fed75d86af53643d7a7aee1d23871"},
    {file = "ruff-0.8.1-py3-none-manylinux_2_17_armv7l.manylinux2014_armv7l.whl", hash = "sha256:2666520828dee7dfc7e47ee4ea0d928f40de72056d929a7c5292d95071d881d1"},
    {file = "ruff-0.8.1-py3-none-manylinux_2_17_i686.manylinux2014_i686.whl", hash = "sha256:333c57013ef8c97a53892aa56042831c372e0bb1785ab7026187b7abd0135ad5"},
    {file = "ruff-0.8.1-py3-none-manylinux_2_17_ppc64.manylinux2014_ppc64.whl", hash = "sha256:288326162804f34088ac007139488dcb43de590a5ccfec3166396530b58fb89d"},
    {file = "ruff-0.8.1-py3-none-manylinux_2_17_ppc64le.manylinux2014_ppc64le.whl", hash = "sha256:b12c39b9448632284561cbf4191aa1b005882acbc81900ffa9f9f471c8ff7e26"},
    {file = "ruff-0.8.1-py3-none-manylinux_2_17_s390x.manylinux2014_s390x.whl", hash = "sha256:364e6674450cbac8e998f7b30639040c99d81dfb5bbc6dfad69bc7a8f916b3d1"},
    {file = "ruff-0.8.1-py3-none-manylinux_2_17_x86_64.manylinux2014_x86_64.whl", hash = "sha256:b22346f845fec132aa39cd29acb94451d030c10874408dbf776af3aaeb53284c"},
    {file = "ruff-0.8.1-py3-none-musllinux_1_2_aarch64.whl", hash = "sha256:b2f2f7a7e7648a2bfe6ead4e0a16745db956da0e3a231ad443d2a66a105c04fa"},
    {file = "ruff-0.8.1-py3-none-musllinux_1_2_armv7l.whl", hash = "sha256:adf314fc458374c25c5c4a4a9270c3e8a6a807b1bec018cfa2813d6546215540"},
    {file = "ruff-0.8.1-py3-none-musllinux_1_2_i686.whl", hash = "sha256:a885d68342a231b5ba4d30b8c6e1b1ee3a65cf37e3d29b3c74069cdf1ee1e3c9"},
    {file = "ruff-0.8.1-py3-none-musllinux_1_2_x86_64.whl", hash = "sha256:d2c16e3508c8cc73e96aa5127d0df8913d2290098f776416a4b157657bee44c5"},
    {file = "ruff-0.8.1-py3-none-win32.whl", hash = "sha256:93335cd7c0eaedb44882d75a7acb7df4b77cd7cd0d2255c93b28791716e81790"},
    {file = "ruff-0.8.1-py3-none-win_amd64.whl", hash = "sha256:2954cdbe8dfd8ab359d4a30cd971b589d335a44d444b6ca2cb3d1da21b75e4b6"},
    {file = "ruff-0.8.1-py3-none-win_arm64.whl", hash = "sha256:55873cc1a473e5ac129d15eccb3c008c096b94809d693fc7053f588b67822737"},
    {file = "ruff-0.8.1.tar.gz", hash = "sha256:3583db9a6450364ed5ca3f3b4225958b24f78178908d5c4bc0f46251ccca898f"},
]

[[package]]
name = "sniffio"
version = "1.3.1"
description = "Sniff out which async library your code is running under"
optional = false
python-versions = ">=3.7"
files = [
    {file = "sniffio-1.3.1-py3-none-any.whl", hash = "sha256:2f6da418d1f1e0fddd844478f41680e794e6051915791a034ff65e5f100525a2"},
    {file = "sniffio-1.3.1.tar.gz", hash = "sha256:f4324edc670a0f49750a81b895f35c3adb843cca46f0530f79fc1babb23789dc"},
]

[[package]]
name = "typing-extensions"
version = "4.12.2"
description = "Backported and Experimental Type Hints for Python 3.8+"
optional = false
python-versions = ">=3.8"
files = [
    {file = "typing_extensions-4.12.2-py3-none-any.whl", hash = "sha256:04e5ca0351e0f3f85c6853954072df659d0d13fac324d0072316b67d7794700d"},
    {file = "typing_extensions-4.12.2.tar.gz", hash = "sha256:1a7ead55c7e559dd4dee8856e3a88b41225abfe1ce8df57b7c13915fe121ffb8"},
]

[[package]]
name = "websockets"
version = "14.1"
description = "An implementation of the WebSocket Protocol (RFC 6455 & 7692)"
optional = false
python-versions = ">=3.9"
files = [
    {file = "websockets-14.1-cp310-cp310-macosx_10_9_universal2.whl", hash = "sha256:a0adf84bc2e7c86e8a202537b4fd50e6f7f0e4a6b6bf64d7ccb96c4cd3330b29"},
    {file = "websockets-14.1-cp310-cp310-macosx_10_9_x86_64.whl", hash = "sha256:90b5d9dfbb6d07a84ed3e696012610b6da074d97453bd01e0e30744b472c8179"},
    {file = "websockets-14.1-cp310-cp310-macosx_11_0_arm64.whl", hash = "sha256:2177ee3901075167f01c5e335a6685e71b162a54a89a56001f1c3e9e3d2ad250"},
    {file = "websockets-14.1-cp310-cp310-manylinux_2_17_aarch64.manylinux2014_aarch64.whl", hash = "sha256:3f14a96a0034a27f9d47fd9788913924c89612225878f8078bb9d55f859272b0"},
    {file = "websockets-14.1-cp310-cp310-manylinux_2_5_i686.manylinux1_i686.manylinux_2_17_i686.manylinux2014_i686.whl", hash = "sha256:1f874ba705deea77bcf64a9da42c1f5fc2466d8f14daf410bc7d4ceae0a9fcb0"},
    {file = "websockets-14.1-cp310-cp310-manylinux_2_5_x86_64.manylinux1_x86_64.manylinux_2_17_x86_64.manylinux2014_x86_64.whl", hash = "sha256:9607b9a442392e690a57909c362811184ea429585a71061cd5d3c2b98065c199"},
    {file = "websockets-14.1-cp310-cp310-musllinux_1_2_aarch64.whl", hash = "sha256:bea45f19b7ca000380fbd4e02552be86343080120d074b87f25593ce1700ad58"},
    {file = "websockets-14.1-cp310-cp310-musllinux_1_2_i686.whl", hash = "sha256:219c8187b3ceeadbf2afcf0f25a4918d02da7b944d703b97d12fb01510869078"},
    {file = "websockets-14.1-cp310-cp310-musllinux_1_2_x86_64.whl", hash = "sha256:ad2ab2547761d79926effe63de21479dfaf29834c50f98c4bf5b5480b5838434"},
    {file = "websockets-14.1-cp310-cp310-win32.whl", hash = "sha256:1288369a6a84e81b90da5dbed48610cd7e5d60af62df9851ed1d1d23a9069f10"},
    {file = "websockets-14.1-cp310-cp310-win_amd64.whl", hash = "sha256:e0744623852f1497d825a49a99bfbec9bea4f3f946df6eb9d8a2f0c37a2fec2e"},
    {file = "websockets-14.1-cp311-cp311-macosx_10_9_universal2.whl", hash = "sha256:449d77d636f8d9c17952628cc7e3b8faf6e92a17ec581ec0c0256300717e1512"},
    {file = "websockets-14.1-cp311-cp311-macosx_10_9_x86_64.whl", hash = "sha256:a35f704be14768cea9790d921c2c1cc4fc52700410b1c10948511039be824aac"},
    {file = "websockets-14.1-cp311-cp311-macosx_11_0_arm64.whl", hash = "sha256:b1f3628a0510bd58968c0f60447e7a692933589b791a6b572fcef374053ca280"},
    {file = "websockets-14.1-cp311-cp311-manylinux_2_17_aarch64.manylinux2014_aarch64.whl", hash = "sha256:3c3deac3748ec73ef24fc7be0b68220d14d47d6647d2f85b2771cb35ea847aa1"},
    {file = "websockets-14.1-cp311-cp311-manylinux_2_5_i686.manylinux1_i686.manylinux_2_17_i686.manylinux2014_i686.whl", hash = "sha256:7048eb4415d46368ef29d32133134c513f507fff7d953c18c91104738a68c3b3"},
    {file = "websockets-14.1-cp311-cp311-manylinux_2_5_x86_64.manylinux1_x86_64.manylinux_2_17_x86_64.manylinux2014_x86_64.whl", hash = "sha256:f6cf0ad281c979306a6a34242b371e90e891bce504509fb6bb5246bbbf31e7b6"},
    {file = "websockets-14.1-cp311-cp311-musllinux_1_2_aarch64.whl", hash = "sha256:cc1fc87428c1d18b643479caa7b15db7d544652e5bf610513d4a3478dbe823d0"},
    {file = "websockets-14.1-cp311-cp311-musllinux_1_2_i686.whl", hash = "sha256:f95ba34d71e2fa0c5d225bde3b3bdb152e957150100e75c86bc7f3964c450d89"},
    {file = "websockets-14.1-cp311-cp311-musllinux_1_2_x86_64.whl", hash = "sha256:9481a6de29105d73cf4515f2bef8eb71e17ac184c19d0b9918a3701c6c9c4f23"},
    {file = "websockets-14.1-cp311-cp311-win32.whl", hash = "sha256:368a05465f49c5949e27afd6fbe0a77ce53082185bbb2ac096a3a8afaf4de52e"},
    {file = "websockets-14.1-cp311-cp311-win_amd64.whl", hash = "sha256:6d24fc337fc055c9e83414c94e1ee0dee902a486d19d2a7f0929e49d7d604b09"},
    {file = "websockets-14.1-cp312-cp312-macosx_10_13_universal2.whl", hash = "sha256:ed907449fe5e021933e46a3e65d651f641975a768d0649fee59f10c2985529ed"},
    {file = "websockets-14.1-cp312-cp312-macosx_10_13_x86_64.whl", hash = "sha256:87e31011b5c14a33b29f17eb48932e63e1dcd3fa31d72209848652310d3d1f0d"},
    {file = "websockets-14.1-cp312-cp312-macosx_11_0_arm64.whl", hash = "sha256:bc6ccf7d54c02ae47a48ddf9414c54d48af9c01076a2e1023e3b486b6e72c707"},
    {file = "websockets-14.1-cp312-cp312-manylinux_2_17_aarch64.manylinux2014_aarch64.whl", hash = "sha256:9777564c0a72a1d457f0848977a1cbe15cfa75fa2f67ce267441e465717dcf1a"},
    {file = "websockets-14.1-cp312-cp312-manylinux_2_5_i686.manylinux1_i686.manylinux_2_17_i686.manylinux2014_i686.whl", hash = "sha256:a655bde548ca98f55b43711b0ceefd2a88a71af6350b0c168aa77562104f3f45"},
    {file = "websockets-14.1-cp312-cp312-manylinux_2_5_x86_64.manylinux1_x86_64.manylinux_2_17_x86_64.manylinux2014_x86_64.whl", hash = "sha256:a3dfff83ca578cada2d19e665e9c8368e1598d4e787422a460ec70e531dbdd58"},
    {file = "websockets-14.1-cp312-cp312-musllinux_1_2_aarch64.whl", hash = "sha256:6a6c9bcf7cdc0fd41cc7b7944447982e8acfd9f0d560ea6d6845428ed0562058"},
    {file = "websockets-14.1-cp312-cp312-musllinux_1_2_i686.whl", hash = "sha256:4b6caec8576e760f2c7dd878ba817653144d5f369200b6ddf9771d64385b84d4"},
    {file = "websockets-14.1-cp312-cp312-musllinux_1_2_x86_64.whl", hash = "sha256:eb6d38971c800ff02e4a6afd791bbe3b923a9a57ca9aeab7314c21c84bf9ff05"},
    {file = "websockets-14.1-cp312-cp312-win32.whl", hash = "sha256:1d045cbe1358d76b24d5e20e7b1878efe578d9897a25c24e6006eef788c0fdf0"},
    {file = "websockets-14.1-cp312-cp312-win_amd64.whl", hash = "sha256:90f4c7a069c733d95c308380aae314f2cb45bd8a904fb03eb36d1a4983a4993f"},
    {file = "websockets-14.1-cp313-cp313-macosx_10_13_universal2.whl", hash = "sha256:3630b670d5057cd9e08b9c4dab6493670e8e762a24c2c94ef312783870736ab9"},
    {file = "websockets-14.1-cp313-cp313-macosx_10_13_x86_64.whl", hash = "sha256:36ebd71db3b89e1f7b1a5deaa341a654852c3518ea7a8ddfdf69cc66acc2db1b"},
    {file = "websockets-14.1-cp313-cp313-macosx_11_0_arm64.whl", hash = "sha256:5b918d288958dc3fa1c5a0b9aa3256cb2b2b84c54407f4813c45d52267600cd3"},
    {file = "websockets-14.1-cp313-cp313-manylinux_2_17_aarch64.manylinux2014_aarch64.whl", hash = "sha256:00fe5da3f037041da1ee0cf8e308374e236883f9842c7c465aa65098b1c9af59"},
    {file = "websockets-14.1-cp313-cp313-manylinux_2_5_i686.manylinux1_i686.manylinux_2_17_i686.manylinux2014_i686.whl", hash = "sha256:8149a0f5a72ca36720981418eeffeb5c2729ea55fa179091c81a0910a114a5d2"},
    {file = "websockets-14.1-cp313-cp313-manylinux_2_5_x86_64.manylinux1_x86_64.manylinux_2_17_x86_64.manylinux2014_x86_64.whl", hash = "sha256:77569d19a13015e840b81550922056acabc25e3f52782625bc6843cfa034e1da"},
    {file = "websockets-14.1-cp313-cp313-musllinux_1_2_aarch64.whl", hash = "sha256:cf5201a04550136ef870aa60ad3d29d2a59e452a7f96b94193bee6d73b8ad9a9"},
    {file = "websockets-14.1-cp313-cp313-musllinux_1_2_i686.whl", hash = "sha256:88cf9163ef674b5be5736a584c999e98daf3aabac6e536e43286eb74c126b9c7"},
    {file = "websockets-14.1-cp313-cp313-musllinux_1_2_x86_64.whl", hash = "sha256:836bef7ae338a072e9d1863502026f01b14027250a4545672673057997d5c05a"},
    {file = "websockets-14.1-cp313-cp313-win32.whl", hash = "sha256:0d4290d559d68288da9f444089fd82490c8d2744309113fc26e2da6e48b65da6"},
    {file = "websockets-14.1-cp313-cp313-win_amd64.whl", hash = "sha256:8621a07991add373c3c5c2cf89e1d277e49dc82ed72c75e3afc74bd0acc446f0"},
    {file = "websockets-14.1-cp39-cp39-macosx_10_9_universal2.whl", hash = "sha256:01bb2d4f0a6d04538d3c5dfd27c0643269656c28045a53439cbf1c004f90897a"},
    {file = "websockets-14.1-cp39-cp39-macosx_10_9_x86_64.whl", hash = "sha256:414ffe86f4d6f434a8c3b7913655a1a5383b617f9bf38720e7c0799fac3ab1c6"},
    {file = "websockets-14.1-cp39-cp39-macosx_11_0_arm64.whl", hash = "sha256:8fda642151d5affdee8a430bd85496f2e2517be3a2b9d2484d633d5712b15c56"},
    {file = "websockets-14.1-cp39-cp39-manylinux_2_17_aarch64.manylinux2014_aarch64.whl", hash = "sha256:cd7c11968bc3860d5c78577f0dbc535257ccec41750675d58d8dc66aa47fe52c"},
    {file = "websockets-14.1-cp39-cp39-manylinux_2_5_i686.manylinux1_i686.manylinux_2_17_i686.manylinux2014_i686.whl", hash = "sha256:a032855dc7db987dff813583d04f4950d14326665d7e714d584560b140ae6b8b"},
    {file = "websockets-14.1-cp39-cp39-manylinux_2_5_x86_64.manylinux1_x86_64.manylinux_2_17_x86_64.manylinux2014_x86_64.whl", hash = "sha256:b7e7ea2f782408c32d86b87a0d2c1fd8871b0399dd762364c731d86c86069a78"},
    {file = "websockets-14.1-cp39-cp39-musllinux_1_2_aarch64.whl", hash = "sha256:39450e6215f7d9f6f7bc2a6da21d79374729f5d052333da4d5825af8a97e6735"},
    {file = "websockets-14.1-cp39-cp39-musllinux_1_2_i686.whl", hash = "sha256:ceada5be22fa5a5a4cdeec74e761c2ee7db287208f54c718f2df4b7e200b8d4a"},
    {file = "websockets-14.1-cp39-cp39-musllinux_1_2_x86_64.whl", hash = "sha256:3fc753451d471cff90b8f467a1fc0ae64031cf2d81b7b34e1811b7e2691bc4bc"},
    {file = "websockets-14.1-cp39-cp39-win32.whl", hash = "sha256:14839f54786987ccd9d03ed7f334baec0f02272e7ec4f6e9d427ff584aeea8b4"},
    {file = "websockets-14.1-cp39-cp39-win_amd64.whl", hash = "sha256:d9fd19ecc3a4d5ae82ddbfb30962cf6d874ff943e56e0c81f5169be2fda62979"},
    {file = "websockets-14.1-pp310-pypy310_pp73-macosx_10_15_x86_64.whl", hash = "sha256:e5dc25a9dbd1a7f61eca4b7cb04e74ae4b963d658f9e4f9aad9cd00b688692c8"},
    {file = "websockets-14.1-pp310-pypy310_pp73-macosx_11_0_arm64.whl", hash = "sha256:04a97aca96ca2acedf0d1f332c861c5a4486fdcba7bcef35873820f940c4231e"},
    {file = "websockets-14.1-pp310-pypy310_pp73-manylinux_2_17_aarch64.manylinux2014_aarch64.whl", hash = "sha256:df174ece723b228d3e8734a6f2a6febbd413ddec39b3dc592f5a4aa0aff28098"},
    {file = "websockets-14.1-pp310-pypy310_pp73-manylinux_2_5_i686.manylinux1_i686.manylinux_2_17_i686.manylinux2014_i686.whl", hash = "sha256:034feb9f4286476f273b9a245fb15f02c34d9586a5bc936aff108c3ba1b21beb"},
    {file = "websockets-14.1-pp310-pypy310_pp73-manylinux_2_5_x86_64.manylinux1_x86_64.manylinux_2_17_x86_64.manylinux2014_x86_64.whl", hash = "sha256:660c308dabd2b380807ab64b62985eaccf923a78ebc572bd485375b9ca2b7dc7"},
    {file = "websockets-14.1-pp310-pypy310_pp73-win_amd64.whl", hash = "sha256:5a42d3ecbb2db5080fc578314439b1d79eef71d323dc661aa616fb492436af5d"},
    {file = "websockets-14.1-pp39-pypy39_pp73-macosx_10_15_x86_64.whl", hash = "sha256:ddaa4a390af911da6f680be8be4ff5aaf31c4c834c1a9147bc21cbcbca2d4370"},
    {file = "websockets-14.1-pp39-pypy39_pp73-macosx_11_0_arm64.whl", hash = "sha256:a4c805c6034206143fbabd2d259ec5e757f8b29d0a2f0bf3d2fe5d1f60147a4a"},
    {file = "websockets-14.1-pp39-pypy39_pp73-manylinux_2_17_aarch64.manylinux2014_aarch64.whl", hash = "sha256:205f672a6c2c671a86d33f6d47c9b35781a998728d2c7c2a3e1cf3333fcb62b7"},
    {file = "websockets-14.1-pp39-pypy39_pp73-manylinux_2_5_i686.manylinux1_i686.manylinux_2_17_i686.manylinux2014_i686.whl", hash = "sha256:5ef440054124728cc49b01c33469de06755e5a7a4e83ef61934ad95fc327fbb0"},
    {file = "websockets-14.1-pp39-pypy39_pp73-manylinux_2_5_x86_64.manylinux1_x86_64.manylinux_2_17_x86_64.manylinux2014_x86_64.whl", hash = "sha256:e7591d6f440af7f73c4bd9404f3772bfee064e639d2b6cc8c94076e71b2471c1"},
    {file = "websockets-14.1-pp39-pypy39_pp73-win_amd64.whl", hash = "sha256:25225cc79cfebc95ba1d24cd3ab86aaa35bcd315d12fa4358939bd55e9bd74a5"},
    {file = "websockets-14.1-py3-none-any.whl", hash = "sha256:4d4fc827a20abe6d544a119896f6b78ee13fe81cbfef416f3f2ddf09a03f0e2e"},
    {file = "websockets-14.1.tar.gz", hash = "sha256:398b10c77d471c0aab20a845e7a60076b6390bfdaac7a6d2edb0d2c59d75e8d8"},
]

[metadata]
lock-version = "2.0"
python-versions = "^3.9"
content-hash = "dd330a5bafe002e460185209849ae9c68e7a91f486aeb1b374ec4e24fe125b6e"
